github.com/wriverarincon/command v0.0.0-20250518184257-8ae56628f4d3 h1:l+Zf6197YrI4J0vwj62yoB0S5qkkGAXtlg8ZzssJ0N4=
github.com/wriverarincon/command v0.0.0-20250518184257-8ae56628f4d3/go.mod h1:6+Hk9Eo8MHnaXkIhy6OXOEfFBUvCa+7XMCwBBT2VhMo=
github.com/wriverarincon/command v0.1.0-alpha h1:0qqrRwBIU+sA469sjITzdfFNWWuEMT1wtvIqv88rmck=
github.com/wriverarincon/command v0.1.0-alpha/go.mod h1:6+Hk9Eo8MHnaXkIhy6OXOEfFBUvCa+7XMCwBBT2VhMo=
github.com/wriverarincon/command v0.1.2-alpha h1:z+/qWDVjF+MHlB7HdDbOa71n87GiVpPw33wfZD/a6+U=
github.com/wriverarincon/command v0.1.2-alpha/go.mod h1:6+Hk9Eo8MHnaXkIhy6OXOEfFBUvCa+7XMCwBBT2VhMo=
